
Microsoft Visual Studio Solution File, Format Version 12.00
# Visual Studio Version 17
VisualStudioVersion = 17.3.32819.101
MinimumVisualStudioVersion = 10.0.40219.1
Project("{FAE04EC0-301F-11D3-BF4B-00C04F79EFBC}") = "ImageTranslation", "ImageTranslation\ImageTranslation.csproj", "{75123B0A-8FE8-432C-A13E-D01F2BD0B7BB}"
EndProject
Global
	GlobalSection(SolutionConfigurationPlatforms) = preSolution
		Debug|Any CPU = Debug|Any CPU
		Release|Any CPU = Release|Any CPU
	EndGlobalSection
	GlobalSection(ProjectConfigurationPlatforms) = postSolution
		{75123B0A-8FE8-432C-A13E-D01F2BD0B7BB}.Debug|Any CPU.ActiveCfg = Debug|Any CPU
		{75123B0A-8FE8-432C-A13E-D01F2BD0B7BB}.Debug|Any CPU.Build.0 = Debug|Any CPU
		{75123B0A-8FE8-432C-A13E-D01F2BD0B7BB}.Release|Any CPU.ActiveCfg = Release|Any CPU
		{75123B0A-8FE8-432C-A13E-D01F2BD0B7BB}.Release|Any CPU.Build.0 = Release|Any CPU
	EndGlobalSection
	GlobalSection(SolutionProperties) = preSolution
		HideSolutionNode = FALSE
	EndGlobalSection
	GlobalSection(ExtensibilityGlobals) = postSolution
		SolutionGuid = {5391EC13-FAC3-41ED-AA0F-5D949362BE84}
	EndGlobalSection
EndGlobal
